// !$*UTF8*$!
{
	archiveVersion = 1;
	classes = {
	};
	objectVersion = 77;
	objects = {

/* Begin PBXContainerItemProxy section */
		94F429142D92C33D00A26C1A /* PBXContainerItemProxy */ = {
			isa = PBXContainerItemProxy;
			containerPortal = 94F428F92D92C33C00A26C1A /* Project object */;
			proxyType = 1;
			remoteGlobalIDString = 94F429002D92C33C00A26C1A;
			remoteInfo = "Restourant Ordering App";
		};
		94F4291E2D92C33D00A26C1A /* PBXContainerItemProxy */ = {
			isa = PBXContainerItemProxy;
			containerPortal = 94F428F92D92C33C00A26C1A /* Project object */;
			proxyType = 1;
			remoteGlobalIDString = 94F429002D92C33C00A26C1A;
			remoteInfo = "Restourant Ordering App";
		};
/* End PBXContainerItemProxy section */

/* Begin PBXFileReference section */
		94F429012D92C33C00A26C1A /* Restourant Ordering App.app */ = {isa = PBXFileReference; explicitFileType = wrapper.application; includeInIndex = 0; path = "Restourant Ordering App.app"; sourceTree = BUILT_PRODUCTS_DIR; };
		94F429132D92C33D00A26C1A /* Restourant Ordering AppTests.xctest */ = {isa = PBXFileReference; explicitFileType = wrapper.cfbundle; includeInIndex = 0; path = "Restourant Ordering AppTests.xctest"; sourceTree = BUILT_PRODUCTS_DIR; };
		94F4291D2D92C33D00A26C1A /* Restourant Ordering AppUITests.xctest */ = {isa = PBXFileReference; explicitFileType = wrapper.cfbundle; includeInIndex = 0; path = "Restourant Ordering AppUITests.xctest"; sourceTree = BUILT_PRODUCTS_DIR; };
/* End PBXFileReference section */

/* Begin PBXFileSystemSynchronizedRootGroup section */
		94F429032D92C33C00A26C1A /* Restourant Ordering App */ = {
			isa = PBXFileSystemSynchronizedRootGroup;
			path = "Restourant Ordering App";
			sourceTree = "<group>";
		};
		94F429162D92C33D00A26C1A /* Restourant Ordering AppTests */ = {
			isa = PBXFileSystemSynchronizedRootGroup;
			path = "Restourant Ordering AppTests";
			sourceTree = "<group>";
		};
		94F429202D92C33D00A26C1A /* Restourant Ordering AppUITests */ = {
			isa = PBXFileSystemSynchronizedRootGroup;
			path = "Restourant Ordering AppUITests";
			sourceTree = "<group>";
		};
/* End PBXFileSystemSynchronizedRootGroup section */

/* Begin PBXFrameworksBuildPhase section */
		94F428FE2D92C33C00A26C1A /* Frameworks */ = {
			isa = PBXFrameworksBuildPhase;
			buildActionMask = 2147483647;
			files = (
			);
			runOnlyForDeploymentPostprocessing = 0;
		};
		94F429102D92C33D00A26C1A /* Frameworks */ = {
			isa = PBXFrameworksBuildPhase;
			buildActionMask = 2147483647;
			files = (
			);
			runOnlyForDeploymentPostprocessing = 0;
		};
		94F4291A2D92C33D00A26C1A /* Frameworks */ = {
			isa = PBXFrameworksBuildPhase;
			buildActionMask = 2147483647;
			files = (
			);
			runOnlyForDeploymentPostprocessing = 0;
		};
/* End PBXFrameworksBuildPhase section */

/* Begin PBXGroup section */
		94F428F82D92C33C00A26C1A = {
			isa = PBXGroup;
			children = (
				94F429032D92C33C00A26C1A /* Restourant Ordering App */,
				94F429162D92C33D00A26C1A /* Restourant Ordering AppTests */,
				94F429202D92C33D00A26C1A /* Restourant Ordering AppUITests */,
				94F429022D92C33C00A26C1A /* Products */,
			);
			sourceTree = "<group>";
		};
		94F429022D92C33C00A26C1A /* Products */ = {
			isa = PBXGroup;
			children = (
				94F429012D92C33C00A26C1A /* Restourant Ordering App.app */,
				94F429132D92C33D00A26C1A /* Restourant Ordering AppTests.xctest */,
				94F4291D2D92C33D00A26C1A /* Restourant Ordering AppUITests.xctest */,
			);
			name = Products;
			sourceTree = "<group>";
		};
/* End PBXGroup section */

/* Begin PBXNativeTarget section */
		94F429002D92C33C00A26C1A /* Restourant Ordering App */ = {
			isa = PBXNativeTarget;
			buildConfigurationList = 94F429272D92C33D00A26C1A /* Build configuration list for PBXNativeTarget "Restourant Ordering App" */;
			buildPhases = (
				94F428FD2D92C33C00A26C1A /* Sources */,
				94F428FE2D92C33C00A26C1A /* Frameworks */,
				94F428FF2D92C33C00A26C1A /* Resources */,
			);
			buildRules = (
			);
			dependencies = (
			);
			fileSystemSynchronizedGroups = (
				94F429032D92C33C00A26C1A /* Restourant Ordering App */,
			);
			name = "Restourant Ordering App";
			packageProductDependencies = (
			);
			productName = "Restourant Ordering App";
			productReference = 94F429012D92C33C00A26C1A /* Restourant Ordering App.app */;
			productType = "com.apple.product-type.application";
		};
		94F429122D92C33D00A26C1A /* Restourant Ordering AppTests */ = {
			isa = PBXNativeTarget;
			buildConfigurationList = 94F4292A2D92C33D00A26C1A /* Build configuration list for PBXNativeTarget "Restourant Ordering AppTests" */;
			buildPhases = (
				94F4290F2D92C33D00A26C1A /* Sources */,
				94F429102D92C33D00A26C1A /* Frameworks */,
				94F429112D92C33D00A26C1A /* Resources */,
			);
			buildRules = (
			);
			dependencies = (
				94F429152D92C33D00A26C1A /* PBXTargetDependency */,
			);
			fileSystemSynchronizedGroups = (
				94F429162D92C33D00A26C1A /* Restourant Ordering AppTests */,
			);
			name = "Restourant Ordering AppTests";
			packageProductDependencies = (
			);
			productName = "Restourant Ordering AppTests";
			productReference = 94F429132D92C33D00A26C1A /* Restourant Ordering AppTests.xctest */;
			productType = "com.apple.product-type.bundle.unit-test";
		};
		94F4291C2D92C33D00A26C1A /* Restourant Ordering AppUITests */ = {
			isa = PBXNativeTarget;
			buildConfigurationList = 94F4292D2D92C33D00A26C1A /* Build configuration list for PBXNativeTarget "Restourant Ordering AppUITests" */;
			buildPhases = (
				94F429192D92C33D00A26C1A /* Sources */,
				94F4291A2D92C33D00A26C1A /* Frameworks */,
				94F4291B2D92C33D00A26C1A /* Resources */,
			);
			buildRules = (
			);
			dependencies = (
				94F4291F2D92C33D00A26C1A /* PBXTargetDependency */,
			);
			fileSystemSynchronizedGroups = (
				94F429202D92C33D00A26C1A /* Restourant Ordering AppUITests */,
			);
			name = "Restourant Ordering AppUITests";
			packageProductDependencies = (
			);
			productName = "Restourant Ordering AppUITests";
			productReference = 94F4291D2D92C33D00A26C1A /* Restourant Ordering AppUITests.xctest */;
			productType = "com.apple.product-type.bundle.ui-testing";
		};
/* End PBXNativeTarget section */

/* Begin PBXProject section */
		94F428F92D92C33C00A26C1A /* Project object */ = {
			isa = PBXProject;
			attributes = {
				BuildIndependentTargetsInParallel = 1;
				LastSwiftUpdateCheck = 1620;
				LastUpgradeCheck = 1620;
				TargetAttributes = {
					94F429002D92C33C00A26C1A = {
						CreatedOnToolsVersion = 16.2;
					};
					94F429122D92C33D00A26C1A = {
						CreatedOnToolsVersion = 16.2;
						TestTargetID = 94F429002D92C33C00A26C1A;
					};
					94F4291C2D92C33D00A26C1A = {
						CreatedOnToolsVersion = 16.2;
						TestTargetID = 94F429002D92C33C00A26C1A;
					};
				};
			};
			buildConfigurationList = 94F428FC2D92C33C00A26C1A /* Build configuration list for PBXProject "Restourant Ordering App" */;
			developmentRegion = en;
			hasScannedForEncodings = 0;
			knownRegions = (
				en,
				Base,
			);
			mainGroup = 94F428F82D92C33C00A26C1A;
			minimizedProjectReferenceProxies = 1;
			preferredProjectObjectVersion = 77;
			productRefGroup = 94F429022D92C33C00A26C1A /* Products */;
			projectDirPath = "";
			projectRoot = "";
			targets = (
				94F429002D92C33C00A26C1A /* Restourant Ordering App */,
				94F429122D92C33D00A26C1A /* Restourant Ordering AppTests */,
				94F4291C2D92C33D00A26C1A /* Restourant Ordering AppUITests */,
			);
		};
/* End PBXProject section */

/* Begin PBXResourcesBuildPhase section */
		94F428FF2D92C33C00A26C1A /* Resources */ = {
			isa = PBXResourcesBuildPhase;
			buildActionMask = 2147483647;
			files = (
			);
			runOnlyForDeploymentPostprocessing = 0;
		};
		94F429112D92C33D00A26C1A /* Resources */ = {
			isa = PBXResourcesBuildPhase;
			buildActionMask = 2147483647;
			files = (
			);
			runOnlyForDeploymentPostprocessing = 0;
		};
		94F4291B2D92C33D00A26C1A /* Resources */ = {
			isa = PBXResourcesBuildPhase;
			buildActionMask = 2147483647;
			files = (
			);
			runOnlyForDeploymentPostprocessing = 0;
		};
/* End PBXResourcesBuildPhase section */

/* Begin PBXSourcesBuildPhase section */
		94F428FD2D92C33C00A26C1A /* Sources */ = {
			isa = PBXSourcesBuildPhase;
			buildActionMask = 2147483647;
			files = (
			);
			runOnlyForDeploymentPostprocessing = 0;
		};
		94F4290F2D92C33D00A26C1A /* Sources */ = {
			isa = PBXSourcesBuildPhase;
			buildActionMask = 2147483647;
			files = (
			);
			runOnlyForDeploymentPostprocessing = 0;
		};
		94F429192D92C33D00A26C1A /* Sources */ = {
			isa = PBXSourcesBuildPhase;
			buildActionMask = 2147483647;
			files = (
			);
			runOnlyForDeploymentPostprocessing = 0;
		};
/* End PBXSourcesBuildPhase section */

/* Begin PBXTargetDependency section */
		94F429152D92C33D00A26C1A /* PBXTargetDependency */ = {
			isa = PBXTargetDependency;
			target = 94F429002D92C33C00A26C1A /* Restourant Ordering App */;
			targetProxy = 94F429142D92C33D00A26C1A /* PBXContainerItemProxy */;
		};
		94F4291F2D92C33D00A26C1A /* PBXTargetDependency */ = {
			isa = PBXTargetDependency;
			target = 94F429002D92C33C00A26C1A /* Restourant Ordering App */;
			targetProxy = 94F4291E2D92C33D00A26C1A /* PBXContainerItemProxy */;
		};
/* End PBXTargetDependency section */

/* Begin XCBuildConfiguration section */
		94F429252D92C33D00A26C1A /* Debug */ = {
			isa = XCBuildConfiguration;
			buildSettings = {
				ALWAYS_SEARCH_USER_PATHS = NO;
				ASSETCATALOG_COMPILER_GENERATE_SWIFT_ASSET_SYMBOL_EXTENSIONS = YES;
				CLANG_ANALYZER_NONNULL = YES;
				CLANG_ANALYZER_NUMBER_OBJECT_CONVERSION = YES_AGGRESSIVE;
				CLANG_CXX_LANGUAGE_STANDARD = "gnu++20";
				CLANG_ENABLE_MODULES = YES;
				CLANG_ENABLE_OBJC_ARC = YES;
				CLANG_ENABLE_OBJC_WEAK = YES;
				CLANG_WARN_BLOCK_CAPTURE_AUTORELEASING = YES;
				CLANG_WARN_BOOL_CONVERSION = YES;
				CLANG_WARN_COMMA = YES;
				CLANG_WARN_CONSTANT_CONVERSION = YES;
				CLANG_WARN_DEPRECATED_OBJC_IMPLEMENTATIONS = YES;
				CLANG_WARN_DIRECT_OBJC_ISA_USAGE = YES_ERROR;
				CLANG_WARN_DOCUMENTATION_COMMENTS = YES;
				CLANG_WARN_EMPTY_BODY = YES;
				CLANG_WARN_ENUM_CONVERSION = YES;
				CLANG_WARN_INFINITE_RECURSION = YES;
				CLANG_WARN_INT_CONVERSION = YES;
				CLANG_WARN_NON_LITERAL_NULL_CONVERSION = YES;
				CLANG_WARN_OBJC_IMPLICIT_RETAIN_SELF = YES;
				CLANG_WARN_OBJC_LITERAL_CONVERSION = YES;
				CLANG_WARN_OBJC_ROOT_CLASS = YES_ERROR;
				CLANG_WARN_QUOTED_INCLUDE_IN_FRAMEWORK_HEADER = YES;
				CLANG_WARN_RANGE_LOOP_ANALYSIS = YES;
				CLANG_WARN_STRICT_PROTOTYPES = YES;
				CLANG_WARN_SUSPICIOUS_MOVE = YES;
				CLANG_WARN_UNGUARDED_AVAILABILITY = YES_AGGRESSIVE;
				CLANG_WARN_UNREACHABLE_CODE = YES;
				CLANG_WARN__DUPLICATE_METHOD_MATCH = YES;
				COPY_PHASE_STRIP = NO;
				DEBUG_INFORMATION_FORMAT = dwarf;
				ENABLE_STRICT_OBJC_MSGSEND = YES;
				ENABLE_TESTABILITY = YES;
				ENABLE_USER_SCRIPT_SANDBOXING = YES;
				GCC_C_LANGUAGE_STANDARD = gnu17;
				GCC_DYNAMIC_NO_PIC = NO;
				GCC_NO_COMMON_BLOCKS = YES;
				GCC_OPTIMIZATION_LEVEL = 0;
				GCC_PREPROCESSOR_DEFINITIONS = (
					"DEBUG=1",
					"$(inherited)",
				);
				GCC_WARN_64_TO_32_BIT_CONVERSION = YES;
				GCC_WARN_ABOUT_RETURN_TYPE = YES_ERROR;
				GCC_WARN_UNDECLARED_SELECTOR = YES;
				GCC_WARN_UNINITIALIZED_AUTOS = YES_AGGRESSIVE;
				GCC_WARN_UNUSED_FUNCTION = YES;
				GCC_WARN_UNUSED_VARIABLE = YES;
				IPHONEOS_DEPLOYMENT_TARGET = 18.2;
				LOCALIZATION_PREFERS_STRING_CATALOGS = YES;
				MTL_ENABLE_DEBUG_INFO = INCLUDE_SOURCE;
				MTL_FAST_MATH = YES;
				ONLY_ACTIVE_ARCH = YES;
				SDKROOT = iphoneos;
				SWIFT_ACTIVE_COMPILATION_CONDITIONS = "DEBUG $(inherited)";
				SWIFT_OPTIMIZATION_LEVEL = "-Onone";
			};
			name = Debug;
		};
		94F429262D92C33D00A26C1A /* Release */ = {
			isa = XCBuildConfiguration;
			buildSettings = {
				ALWAYS_SEARCH_USER_PATHS = NO;
				ASSETCATALOG_COMPILER_GENERATE_SWIFT_ASSET_SYMBOL_EXTENSIONS = YES;
				CLANG_ANALYZER_NONNULL = YES;
				CLANG_ANALYZER_NUMBER_OBJECT_CONVERSION = YES_AGGRESSIVE;
				CLANG_CXX_LANGUAGE_STANDARD = "gnu++20";
				CLANG_ENABLE_MODULES = YES;
				CLANG_ENABLE_OBJC_ARC = YES;
				CLANG_ENABLE_OBJC_WEAK = YES;
				CLANG_WARN_BLOCK_CAPTURE_AUTORELEASING = YES;
				CLANG_WARN_BOOL_CONVERSION = YES;
				CLANG_WARN_COMMA = YES;
				CLANG_WARN_CONSTANT_CONVERSION = YES;
				CLANG_WARN_DEPRECATED_OBJC_IMPLEMENTATIONS = YES;
				CLANG_WARN_DIRECT_OBJC_ISA_USAGE = YES_ERROR;
				CLANG_WARN_DOCUMENTATION_COMMENTS = YES;
				CLANG_WARN_EMPTY_BODY = YES;
				CLANG_WARN_ENUM_CONVERSION = YES;
				CLANG_WARN_INFINITE_RECURSION = YES;
				CLANG_WARN_INT_CONVERSION = YES;
				CLANG_WARN_NON_LITERAL_NULL_CONVERSION = YES;
				CLANG_WARN_OBJC_IMPLICIT_RETAIN_SELF = YES;
				CLANG_WARN_OBJC_LITERAL_CONVERSION = YES;
				CLANG_WARN_OBJC_ROOT_CLASS = YES_ERROR;
				CLANG_WARN_QUOTED_INCLUDE_IN_FRAMEWORK_HEADER = YES;
				CLANG_WARN_RANGE_LOOP_ANALYSIS = YES;
				CLANG_WARN_STRICT_PROTOTYPES = YES;
				CLANG_WARN_SUSPICIOUS_MOVE = YES;
				CLANG_WARN_UNGUARDED_AVAILABILITY = YES_AGGRESSIVE;
				CLANG_WARN_UNREACHABLE_CODE = YES;
				CLANG_WARN__DUPLICATE_METHOD_MATCH = YES;
				COPY_PHASE_STRIP = NO;
				DEBUG_INFORMATION_FORMAT = "dwarf-with-dsym";
				ENABLE_NS_ASSERTIONS = NO;
				ENABLE_STRICT_OBJC_MSGSEND = YES;
				ENABLE_USER_SCRIPT_SANDBOXING = YES;
				GCC_C_LANGUAGE_STANDARD = gnu17;
				GCC_NO_COMMON_BLOCKS = YES;
				GCC_WARN_64_TO_32_BIT_CONVERSION = YES;
				GCC_WARN_ABOUT_RETURN_TYPE = YES_ERROR;
				GCC_WARN_UNDECLARED_SELECTOR = YES;
				GCC_WARN_UNINITIALIZED_AUTOS = YES_AGGRESSIVE;
				GCC_WARN_UNUSED_FUNCTION = YES;
				GCC_WARN_UNUSED_VARIABLE = YES;
				IPHONEOS_DEPLOYMENT_TARGET = 18.2;
				LOCALIZATION_PREFERS_STRING_CATALOGS = YES;
				MTL_ENABLE_DEBUG_INFO = NO;
				MTL_FAST_MATH = YES;
				SDKROOT = iphoneos;
				SWIFT_COMPILATION_MODE = wholemodule;
				VALIDATE_PRODUCT = YES;
			};
			name = Release;
		};
		94F429282D92C33D00A26C1A /* Debug */ = {
			isa = XCBuildConfiguration;
			buildSettings = {
				ASSETCATALOG_COMPILER_APPICON_NAME = AppIcon;
				ASSETCATALOG_COMPILER_GLOBAL_ACCENT_COLOR_NAME = AccentColor;
				CODE_SIGN_STYLE = Automatic;
				CURRENT_PROJECT_VERSION = 1;
				DEVELOPMENT_ASSET_PATHS = "\"Restourant Ordering App/Preview Content\"";
				ENABLE_PREVIEWS = YES;
				GENERATE_INFOPLIST_FILE = YES;
				INFOPLIST_KEY_UIApplicationSceneManifest_Generation = YES;
				INFOPLIST_KEY_UIApplicationSupportsIndirectInputEvents = YES;
				INFOPLIST_KEY_UILaunchScreen_Generation = YES;
				INFOPLIST_KEY_UISupportedInterfaceOrientations_iPad = "UIInterfaceOrientationPortrait UIInterfaceOrientationPortraitUpsideDown UIInterfaceOrientationLandscapeLeft UIInterfaceOrientationLandscapeRight";
				INFOPLIST_KEY_UISupportedInterfaceOrientations_iPhone = "UIInterfaceOrientationPortrait UIInterfaceOrientationLandscapeLeft UIInterfaceOrientationLandscapeRight";
				LD_RUNPATH_SEARCH_PATHS = (
					"$(inherited)",
					"@executable_path/Frameworks",
				);
				MARKETING_VERSION = 1.0;
				PRODUCT_BUNDLE_IDENTIFIER = "sarkor.Restourant-Ordering-App";
				PRODUCT_NAME = "$(TARGET_NAME)";
				SWIFT_EMIT_LOC_STRINGS = YES;
				SWIFT_VERSION = 5.0;
				TARGETED_DEVICE_FAMILY = "1,2";
			};
			name = Debug;
		};
		94F429292D92C33D00A26C1A /* Release */ = {
			isa = XCBuildConfiguration;
			buildSettings = {
				ASSETCATALOG_COMPILER_APPICON_NAME = AppIcon;
				ASSETCATALOG_COMPILER_GLOBAL_ACCENT_COLOR_NAME = AccentColor;
				CODE_SIGN_STYLE = Automatic;
				CURRENT_PROJECT_VERSION = 1;
				DEVELOPMENT_ASSET_PATHS = "\"Restourant Ordering App/Preview Content\"";
				ENABLE_PREVIEWS = YES;
				GENERATE_INFOPLIST_FILE = YES;
				INFOPLIST_KEY_UIApplicationSceneManifest_Generation = YES;
				INFOPLIST_KEY_UIApplicationSupportsIndirectInputEvents = YES;
				INFOPLIST_KEY_UILaunchScreen_Generation = YES;
				INFOPLIST_KEY_UISupportedInterfaceOrientations_iPad = "UIInterfaceOrientationPortrait UIInterfaceOrientationPortraitUpsideDown UIInterfaceOrientationLandscapeLeft UIInterfaceOrientationLandscapeRight";
				INFOPLIST_KEY_UISupportedInterfaceOrientations_iPhone = "UIInterfaceOrientationPortrait UIInterfaceOrientationLandscapeLeft UIInterfaceOrientationLandscapeRight";
				LD_RUNPATH_SEARCH_PATHS = (
					"$(inherited)",
					"@executable_path/Frameworks",
				);
				MARKETING_VERSION = 1.0;
				PRODUCT_BUNDLE_IDENTIFIER = "sarkor.Restourant-Ordering-App";
				PRODUCT_NAME = "$(TARGET_NAME)";
				SWIFT_EMIT_LOC_STRINGS = YES;
				SWIFT_VERSION = 5.0;
				TARGETED_DEVICE_FAMILY = "1,2";
			};
			name = Release;
		};
		94F4292B2D92C33D00A26C1A /* Debug */ = {
			isa = XCBuildConfiguration;
			buildSettings = {
				BUNDLE_LOADER = "$(TEST_HOST)";
				CODE_SIGN_STYLE = Automatic;
				CURRENT_PROJECT_VERSION = 1;
				GENERATE_INFOPLIST_FILE = YES;
				IPHONEOS_DEPLOYMENT_TARGET = 18.2;
				MARKETING_VERSION = 1.0;
				PRODUCT_BUNDLE_IDENTIFIER = "sarkor.Restourant-Ordering-AppTests";
				PRODUCT_NAME = "$(TARGET_NAME)";
				SWIFT_EMIT_LOC_STRINGS = NO;
				SWIFT_VERSION = 5.0;
				TARGETED_DEVICE_FAMILY = "1,2";
				TEST_HOST = "$(BUILT_PRODUCTS_DIR)/Restourant Ordering App.app/$(BUNDLE_EXECUTABLE_FOLDER_PATH)/Restourant Ordering App";
			};
			name = Debug;
		};
		94F4292C2D92C33D00A26C1A /* Release */ = {
			isa = XCBuildConfiguration;
			buildSettings = {
				BUNDLE_LOADER = "$(TEST_HOST)";
				CODE_SIGN_STYLE = Automatic;
				CURRENT_PROJECT_VERSION = 1;
				GENERATE_INFOPLIST_FILE = YES;
				IPHONEOS_DEPLOYMENT_TARGET = 18.2;
				MARKETING_VERSION = 1.0;
				PRODUCT_BUNDLE_IDENTIFIER = "sarkor.Restourant-Ordering-AppTests";
				PRODUCT_NAME = "$(TARGET_NAME)";
				SWIFT_EMIT_LOC_STRINGS = NO;
				SWIFT_VERSION = 5.0;
				TARGETED_DEVICE_FAMILY = "1,2";
				TEST_HOST = "$(BUILT_PRODUCTS_DIR)/Restourant Ordering App.app/$(BUNDLE_EXECUTABLE_FOLDER_PATH)/Restourant Ordering App";
			};
			name = Release;
		};
		94F4292E2D92C33D00A26C1A /* Debug */ = {
			isa = XCBuildConfiguration;
			buildSettings = {
				CODE_SIGN_STYLE = Automatic;
				CURRENT_PROJECT_VERSION = 1;
				GENERATE_INFOPLIST_FILE = YES;
				MARKETING_VERSION = 1.0;
				PRODUCT_BUNDLE_IDENTIFIER = "sarkor.Restourant-Ordering-AppUITests";
				PRODUCT_NAME = "$(TARGET_NAME)";
				SWIFT_EMIT_LOC_STRINGS = NO;
				SWIFT_VERSION = 5.0;
				TARGETED_DEVICE_FAMILY = "1,2";
				TEST_TARGET_NAME = "Restourant Ordering App";
			};
			name = Debug;
		};
		94F4292F2D92C33D00A26C1A /* Release */ = {
			isa = XCBuildConfiguration;
			buildSettings = {
				CODE_SIGN_STYLE = Automatic;
				CURRENT_PROJECT_VERSION = 1;
				GENERATE_INFOPLIST_FILE = YES;
				MARKETING_VERSION = 1.0;
				PRODUCT_BUNDLE_IDENTIFIER = "sarkor.Restourant-Ordering-AppUITests";
				PRODUCT_NAME = "$(TARGET_NAME)";
				SWIFT_EMIT_LOC_STRINGS = NO;
				SWIFT_VERSION = 5.0;
				TARGETED_DEVICE_FAMILY = "1,2";
				TEST_TARGET_NAME = "Restourant Ordering App";
			};
			name = Release;
		};
/* End XCBuildConfiguration section */

/* Begin XCConfigurationList section */
		94F428FC2D92C33C00A26C1A /* Build configuration list for PBXProject "Restourant Ordering App" */ = {
			isa = XCConfigurationList;
			buildConfigurations = (
				94F429252D92C33D00A26C1A /* Debug */,
				94F429262D92C33D00A26C1A /* Release */,
			);
			defaultConfigurationIsVisible = 0;
			defaultConfigurationName = Release;
		};
		94F429272D92C33D00A26C1A /* Build configuration list for PBXNativeTarget "Restourant Ordering App" */ = {
			isa = XCConfigurationList;
			buildConfigurations = (
				94F429282D92C33D00A26C1A /* Debug */,
				94F429292D92C33D00A26C1A /* Release */,
			);
			defaultConfigurationIsVisible = 0;
			defaultConfigurationName = Release;
		};
		94F4292A2D92C33D00A26C1A /* Build configuration list for PBXNativeTarget "Restourant Ordering AppTests" */ = {
			isa = XCConfigurationList;
			buildConfigurations = (
				94F4292B2D92C33D00A26C1A /* Debug */,
				94F4292C2D92C33D00A26C1A /* Release */,
			);
			defaultConfigurationIsVisible = 0;
			defaultConfigurationName = Release;
		};
		94F4292D2D92C33D00A26C1A /* Build configuration list for PBXNativeTarget "Restourant Ordering AppUITests" */ = {
			isa = XCConfigurationList;
			buildConfigurations = (
				94F4292E2D92C33D00A26C1A /* Debug */,
				94F4292F2D92C33D00A26C1A /* Release */,
			);
			defaultConfigurationIsVisible = 0;
			defaultConfigurationName = Release;
		};
/* End XCConfigurationList section */
	};
	rootObject = 94F428F92D92C33C00A26C1A /* Project object */;
}
